
Microsoft Visual Studio Solution File, Format Version 12.00
# Visual Studio Version 17
VisualStudioVersion = 17.0.32014.148
MinimumVisualStudioVersion = 10.0.40219.1
Project("{9A19103F-16F7-4668-BE54-9A1E7A4F7556}") = "Domain", "Domain\Domain.csproj", "{06248E80-C472-4517-AFD7-E13755987135}"
EndProject
Project("{9A19103F-16F7-4668-BE54-9A1E7A4F7556}") = "Application", "Application\Application.csproj", "{66EA5117-0208-4314-B7BF-4353D5F11273}"
EndProject
Project("{9A19103F-16F7-4668-BE54-9A1E7A4F7556}") = "Infrastructure", "Infrastructure\Infrastructure.csproj", "{86555611-CCC5-407D-94CC-B383567A7C19}"
EndProject
Project("{9A19103F-16F7-4668-BE54-9A1E7A4F7556}") = "API", "API\API.csproj", "{C4C24F66-520D-49E9-834C-1548A6EF92D7}"
EndProject
Project("{9A19103F-16F7-4668-BE54-9A1E7A4F7556}") = "AspNetAuthentication", "..\PFLibrary\AspNetAuthentication\AspNetAuthentication.csproj", "{2D61A7A9-9FC8-4219-8806-BE10E1A92088}"
EndProject
Project("{9A19103F-16F7-4668-BE54-9A1E7A4F7556}") = "Application.Tests", "Application.Tests\Application.Tests.csproj", "{8594B479-38B8-4AC9-869F-CA2CD3658D23}"
EndProject
Project("{FAE04EC0-301F-11D3-BF4B-00C04F79EFBC}") = "API.Tests", "API.Tests\API.Tests.csproj", "{0E45D405-AF95-4543-8C06-CFF3BDC1F59B}"
EndProject
Global
	GlobalSection(SolutionConfigurationPlatforms) = preSolution
		Debug|Any CPU = Debug|Any CPU
		Release|Any CPU = Release|Any CPU
	EndGlobalSection
	GlobalSection(ProjectConfigurationPlatforms) = postSolution
		{06248E80-C472-4517-AFD7-E13755987135}.Debug|Any CPU.ActiveCfg = Debug|Any CPU
		{06248E80-C472-4517-AFD7-E13755987135}.Debug|Any CPU.Build.0 = Debug|Any CPU
		{06248E80-C472-4517-AFD7-E13755987135}.Release|Any CPU.ActiveCfg = Release|Any CPU
		{06248E80-C472-4517-AFD7-E13755987135}.Release|Any CPU.Build.0 = Release|Any CPU
		{66EA5117-0208-4314-B7BF-4353D5F11273}.Debug|Any CPU.ActiveCfg = Debug|Any CPU
		{66EA5117-0208-4314-B7BF-4353D5F11273}.Debug|Any CPU.Build.0 = Debug|Any CPU
		{66EA5117-0208-4314-B7BF-4353D5F11273}.Release|Any CPU.ActiveCfg = Release|Any CPU
		{66EA5117-0208-4314-B7BF-4353D5F11273}.Release|Any CPU.Build.0 = Release|Any CPU
		{86555611-CCC5-407D-94CC-B383567A7C19}.Debug|Any CPU.ActiveCfg = Debug|Any CPU
		{86555611-CCC5-407D-94CC-B383567A7C19}.Debug|Any CPU.Build.0 = Debug|Any CPU
		{86555611-CCC5-407D-94CC-B383567A7C19}.Release|Any CPU.ActiveCfg = Release|Any CPU
		{86555611-CCC5-407D-94CC-B383567A7C19}.Release|Any CPU.Build.0 = Release|Any CPU
		{C4C24F66-520D-49E9-834C-1548A6EF92D7}.Debug|Any CPU.ActiveCfg = Debug|Any CPU
		{C4C24F66-520D-49E9-834C-1548A6EF92D7}.Debug|Any CPU.Build.0 = Debug|Any CPU
		{C4C24F66-520D-49E9-834C-1548A6EF92D7}.Release|Any CPU.ActiveCfg = Release|Any CPU
		{C4C24F66-520D-49E9-834C-1548A6EF92D7}.Release|Any CPU.Build.0 = Release|Any CPU
		{2D61A7A9-9FC8-4219-8806-BE10E1A92088}.Debug|Any CPU.ActiveCfg = Debug|Any CPU
		{2D61A7A9-9FC8-4219-8806-BE10E1A92088}.Debug|Any CPU.Build.0 = Debug|Any CPU
		{2D61A7A9-9FC8-4219-8806-BE10E1A92088}.Release|Any CPU.ActiveCfg = Release|Any CPU
		{2D61A7A9-9FC8-4219-8806-BE10E1A92088}.Release|Any CPU.Build.0 = Release|Any CPU
		{8594B479-38B8-4AC9-869F-CA2CD3658D23}.Debug|Any CPU.ActiveCfg = Debug|Any CPU
		{8594B479-38B8-4AC9-869F-CA2CD3658D23}.Debug|Any CPU.Build.0 = Debug|Any CPU
		{8594B479-38B8-4AC9-869F-CA2CD3658D23}.Release|Any CPU.ActiveCfg = Release|Any CPU
		{8594B479-38B8-4AC9-869F-CA2CD3658D23}.Release|Any CPU.Build.0 = Release|Any CPU
		{0E45D405-AF95-4543-8C06-CFF3BDC1F59B}.Debug|Any CPU.ActiveCfg = Debug|Any CPU
		{0E45D405-AF95-4543-8C06-CFF3BDC1F59B}.Debug|Any CPU.Build.0 = Debug|Any CPU
		{0E45D405-AF95-4543-8C06-CFF3BDC1F59B}.Release|Any CPU.ActiveCfg = Release|Any CPU
		{0E45D405-AF95-4543-8C06-CFF3BDC1F59B}.Release|Any CPU.Build.0 = Release|Any CPU
	EndGlobalSection
	GlobalSection(SolutionProperties) = preSolution
		HideSolutionNode = FALSE
	EndGlobalSection
	GlobalSection(ExtensibilityGlobals) = postSolution
		SolutionGuid = {4E846165-5646-45EE-B61D-BD0CD14E9B21}
	EndGlobalSection
EndGlobal
